// !$*UTF8*$!
{
	archiveVersion = 1;
	classes = {
	};
	objectVersion = 48;
	objects = {

/* Begin PBXBuildFile section */
		8F2EA0891F86C507009AC742 /* Menu.swift in Sources */ = {isa = PBXBuildFile; fileRef = 8F2EA0881F86C507009AC742 /* Menu.swift */; };
		8F525D8B1F87272500C2CD4F /* Postgame.swift in Sources */ = {isa = PBXBuildFile; fileRef = 8F525D8A1F87272500C2CD4F /* Postgame.swift */; };
		8F8EDF191F816EA300336BC2 /* Bubblegum.ttf in Resources */ = {isa = PBXBuildFile; fileRef = 8F8EDF181F816E8D00336BC2 /* Bubblegum.ttf */; };
		8F8EDF1C1F82E1CA00336BC2 /* MyParticle.sks in Resources */ = {isa = PBXBuildFile; fileRef = 8F8EDF1A1F82E1CA00336BC2 /* MyParticle.sks */; };
		8F8EDF1D1F82E1CA00336BC2 /* Assets.xcassets in Resources */ = {isa = PBXBuildFile; fileRef = 8F8EDF1B1F82E1CA00336BC2 /* Assets.xcassets */; };
		8FA131F61F8013DF00B6D3D8 /* AppDelegate.swift in Sources */ = {isa = PBXBuildFile; fileRef = 8FA131F51F8013DF00B6D3D8 /* AppDelegate.swift */; };
		8FA131F81F8013DF00B6D3D8 /* GameScene.sks in Resources */ = {isa = PBXBuildFile; fileRef = 8FA131F71F8013DF00B6D3D8 /* GameScene.sks */; };
		8FA131FA1F8013DF00B6D3D8 /* Actions.sks in Resources */ = {isa = PBXBuildFile; fileRef = 8FA131F91F8013DF00B6D3D8 /* Actions.sks */; };
		8FA131FC1F8013DF00B6D3D8 /* GameScene.swift in Sources */ = {isa = PBXBuildFile; fileRef = 8FA131FB1F8013DF00B6D3D8 /* GameScene.swift */; };
		8FA131FE1F8013DF00B6D3D8 /* GameViewController.swift in Sources */ = {isa = PBXBuildFile; fileRef = 8FA131FD1F8013DF00B6D3D8 /* GameViewController.swift */; };
		8FA132011F8013DF00B6D3D8 /* Main.storyboard in Resources */ = {isa = PBXBuildFile; fileRef = 8FA131FF1F8013DF00B6D3D8 /* Main.storyboard */; };
		8FA132031F8013DF00B6D3D8 /* Assets.xcassets in Resources */ = {isa = PBXBuildFile; fileRef = 8FA132021F8013DF00B6D3D8 /* Assets.xcassets */; };
		8FA132061F8013DF00B6D3D8 /* LaunchScreen.storyboard in Resources */ = {isa = PBXBuildFile; fileRef = 8FA132041F8013DF00B6D3D8 /* LaunchScreen.storyboard */; };
		8FC7F5631F96AF5400BF24A3 /* pop.wav in Resources */ = {isa = PBXBuildFile; fileRef = 8FC7F5621F96AD6500BF24A3 /* pop.wav */; };
		8FDAFF081F86FF0E00F5C852 /* GoogleMobileAds.framework in Frameworks */ = {isa = PBXBuildFile; fileRef = 8FDAFF071F86FF0E00F5C852 /* GoogleMobileAds.framework */; };
		8FF354111F96A76100F74F00 /* AVFoundation.framework in Frameworks */ = {isa = PBXBuildFile; fileRef = 8FF354101F96A76100F74F00 /* AVFoundation.framework */; };
/* End PBXBuildFile section */

/* Begin PBXFileReference section */
		8F2EA0881F86C507009AC742 /* Menu.swift */ = {isa = PBXFileReference; lastKnownFileType = sourcecode.swift; path = Menu.swift; sourceTree = "<group>"; };
		8F35C9421F86E970004D8C5A /* GoogleMobileAds.framework */ = {isa = PBXFileReference; lastKnownFileType = wrapper.framework; name = GoogleMobileAds.framework; path = "../../../Downloads/GoogleMobileAdsSdkiOS-7.24.1/GoogleMobileAds.framework"; sourceTree = "<group>"; };
		8F35C9441F86EB36004D8C5A /* GoogleMobileAds.framework */ = {isa = PBXFileReference; lastKnownFileType = wrapper.framework; path = GoogleMobileAds.framework; sourceTree = "<group>"; };
		8F525D8A1F87272500C2CD4F /* Postgame.swift */ = {isa = PBXFileReference; lastKnownFileType = sourcecode.swift; path = Postgame.swift; sourceTree = "<group>"; };
		8F8EDF181F816E8D00336BC2 /* Bubblegum.ttf */ = {isa = PBXFileReference; lastKnownFileType = file; path = Bubblegum.ttf; sourceTree = "<group>"; };
		8F8EDF1A1F82E1CA00336BC2 /* MyParticle.sks */ = {isa = PBXFileReference; lastKnownFileType = file.sks; path = MyParticle.sks; sourceTree = "<group>"; };
		8F8EDF1B1F82E1CA00336BC2 /* Assets.xcassets */ = {isa = PBXFileReference; lastKnownFileType = folder.assetcatalog; path = Assets.xcassets; sourceTree = "<group>"; };
		8FA131F21F8013DF00B6D3D8 /* BubbleBurst iOS.app */ = {isa = PBXFileReference; explicitFileType = wrapper.application; includeInIndex = 0; path = "BubbleBurst iOS.app"; sourceTree = BUILT_PRODUCTS_DIR; };
		8FA131F51F8013DF00B6D3D8 /* AppDelegate.swift */ = {isa = PBXFileReference; lastKnownFileType = sourcecode.swift; path = AppDelegate.swift; sourceTree = "<group>"; };
		8FA131F71F8013DF00B6D3D8 /* GameScene.sks */ = {isa = PBXFileReference; lastKnownFileType = file.sks; path = GameScene.sks; sourceTree = "<group>"; };
		8FA131F91F8013DF00B6D3D8 /* Actions.sks */ = {isa = PBXFileReference; lastKnownFileType = file.sks; path = Actions.sks; sourceTree = "<group>"; };
		8FA131FB1F8013DF00B6D3D8 /* GameScene.swift */ = {isa = PBXFileReference; lastKnownFileType = sourcecode.swift; path = GameScene.swift; sourceTree = "<group>"; };
		8FA131FD1F8013DF00B6D3D8 /* GameViewController.swift */ = {isa = PBXFileReference; lastKnownFileType = sourcecode.swift; path = GameViewController.swift; sourceTree = "<group>"; };
		8FA132001F8013DF00B6D3D8 /* Base */ = {isa = PBXFileReference; lastKnownFileType = file.storyboard; name = Base; path = Base.lproj/Main.storyboard; sourceTree = "<group>"; };
		8FA132021F8013DF00B6D3D8 /* Assets.xcassets */ = {isa = PBXFileReference; lastKnownFileType = folder.assetcatalog; path = Assets.xcassets; sourceTree = "<group>"; };
		8FA132051F8013DF00B6D3D8 /* Base */ = {isa = PBXFileReference; lastKnownFileType = file.storyboard; name = Base; path = Base.lproj/LaunchScreen.storyboard; sourceTree = "<group>"; };
		8FA132071F8013DF00B6D3D8 /* Info.plist */ = {isa = PBXFileReference; lastKnownFileType = text.plist.xml; path = Info.plist; sourceTree = "<group>"; };
		8FC7F5621F96AD6500BF24A3 /* pop.wav */ = {isa = PBXFileReference; lastKnownFileType = audio.wav; path = pop.wav; sourceTree = "<group>"; };
		8FDAFF071F86FF0E00F5C852 /* GoogleMobileAds.framework */ = {isa = PBXFileReference; lastKnownFileType = wrapper.framework; name = GoogleMobileAds.framework; path = Framework/GoogleMobileAds.framework; sourceTree = "<group>"; };
		8FF354101F96A76100F74F00 /* AVFoundation.framework */ = {isa = PBXFileReference; lastKnownFileType = wrapper.framework; name = AVFoundation.framework; path = System/Library/Frameworks/AVFoundation.framework; sourceTree = SDKROOT; };
/* End PBXFileReference section */

/* Begin PBXFrameworksBuildPhase section */
		8FA131EF1F8013DF00B6D3D8 /* Frameworks */ = {
			isa = PBXFrameworksBuildPhase;
			buildActionMask = 2147483647;
			files = (
				8FF354111F96A76100F74F00 /* AVFoundation.framework in Frameworks */,
				8FDAFF081F86FF0E00F5C852 /* GoogleMobileAds.framework in Frameworks */,
			);
			runOnlyForDeploymentPostprocessing = 0;
		};
/* End PBXFrameworksBuildPhase section */

/* Begin PBXGroup section */
		8F35C9411F86E970004D8C5A /* Frameworks */ = {
			isa = PBXGroup;
			children = (
				8FF354101F96A76100F74F00 /* AVFoundation.framework */,
				8FDAFF071F86FF0E00F5C852 /* GoogleMobileAds.framework */,
				8F35C9421F86E970004D8C5A /* GoogleMobileAds.framework */,
			);
			name = Frameworks;
			sourceTree = "<group>";
		};
		8FA131E91F8013DF00B6D3D8 = {
			isa = PBXGroup;
			children = (
				8F8EDF1B1F82E1CA00336BC2 /* Assets.xcassets */,
				8FA131F41F8013DF00B6D3D8 /* BubbleBurst iOS */,
				8FA131F31F8013DF00B6D3D8 /* Products */,
				8F35C9411F86E970004D8C5A /* Frameworks */,
			);
			sourceTree = "<group>";
		};
		8FA131F31F8013DF00B6D3D8 /* Products */ = {
			isa = PBXGroup;
			children = (
				8FA131F21F8013DF00B6D3D8 /* BubbleBurst iOS.app */,
			);
			name = Products;
			sourceTree = "<group>";
		};
		8FA131F41F8013DF00B6D3D8 /* BubbleBurst iOS */ = {
			isa = PBXGroup;
			children = (
				8F35C9441F86EB36004D8C5A /* GoogleMobileAds.framework */,
				8F8EDF1A1F82E1CA00336BC2 /* MyParticle.sks */,
				8F8EDF181F816E8D00336BC2 /* Bubblegum.ttf */,
				8FA131F51F8013DF00B6D3D8 /* AppDelegate.swift */,
				8FA131F71F8013DF00B6D3D8 /* GameScene.sks */,
				8FA131F91F8013DF00B6D3D8 /* Actions.sks */,
				8FA131FB1F8013DF00B6D3D8 /* GameScene.swift */,
				8FC7F5611F96AD3300BF24A3 /* Sounds */,
				8FA131FD1F8013DF00B6D3D8 /* GameViewController.swift */,
				8FA131FF1F8013DF00B6D3D8 /* Main.storyboard */,
				8F525D8A1F87272500C2CD4F /* Postgame.swift */,
				8F2EA0881F86C507009AC742 /* Menu.swift */,
				8FA132021F8013DF00B6D3D8 /* Assets.xcassets */,
				8FA132041F8013DF00B6D3D8 /* LaunchScreen.storyboard */,
				8FA132071F8013DF00B6D3D8 /* Info.plist */,
			);
			path = "BubbleBurst iOS";
			sourceTree = "<group>";
		};
		8FC7F5611F96AD3300BF24A3 /* Sounds */ = {
			isa = PBXGroup;
			children = (
				8FC7F5621F96AD6500BF24A3 /* pop.wav */,
			);
			path = Sounds;
			sourceTree = "<group>";
		};
/* End PBXGroup section */

/* Begin PBXNativeTarget section */
		8FA131F11F8013DF00B6D3D8 /* BubbleBurst iOS */ = {
			isa = PBXNativeTarget;
			buildConfigurationList = 8FA1320A1F8013DF00B6D3D8 /* Build configuration list for PBXNativeTarget "BubbleBurst iOS" */;
			buildPhases = (
				8FA131EE1F8013DF00B6D3D8 /* Sources */,
				8FA131EF1F8013DF00B6D3D8 /* Frameworks */,
				8FA131F01F8013DF00B6D3D8 /* Resources */,
			);
			buildRules = (
			);
			dependencies = (
			);
			name = "BubbleBurst iOS";
			productName = "BubbleBurst iOS";
			productReference = 8FA131F21F8013DF00B6D3D8 /* BubbleBurst iOS.app */;
			productType = "com.apple.product-type.application";
		};
/* End PBXNativeTarget section */

/* Begin PBXProject section */
		8FA131EA1F8013DF00B6D3D8 /* Project object */ = {
			isa = PBXProject;
			attributes = {
				LastSwiftUpdateCheck = 0900;
				LastUpgradeCheck = 0900;
				ORGANIZATIONNAME = "Mufeez Amjad";
				TargetAttributes = {
					8FA131F11F8013DF00B6D3D8 = {
						CreatedOnToolsVersion = 9.0;
						ProvisioningStyle = Automatic;
					};
				};
			};
			buildConfigurationList = 8FA131ED1F8013DF00B6D3D8 /* Build configuration list for PBXProject "BubbleBurst iOS" */;
			compatibilityVersion = "Xcode 8.0";
			developmentRegion = en;
			hasScannedForEncodings = 0;
			knownRegions = (
				en,
				Base,
			);
			mainGroup = 8FA131E91F8013DF00B6D3D8;
			productRefGroup = 8FA131F31F8013DF00B6D3D8 /* Products */;
			projectDirPath = "";
			projectRoot = "";
			targets = (
				8FA131F11F8013DF00B6D3D8 /* BubbleBurst iOS */,
			);
		};
/* End PBXProject section */

/* Begin PBXResourcesBuildPhase section */
		8FA131F01F8013DF00B6D3D8 /* Resources */ = {
			isa = PBXResourcesBuildPhase;
			buildActionMask = 2147483647;
			files = (
				8FC7F5631F96AF5400BF24A3 /* pop.wav in Resources */,
				8FA132011F8013DF00B6D3D8 /* Main.storyboard in Resources */,
				8FA131F81F8013DF00B6D3D8 /* GameScene.sks in Resources */,
				8F8EDF191F816EA300336BC2 /* Bubblegum.ttf in Resources */,
				8FA132031F8013DF00B6D3D8 /* Assets.xcassets in Resources */,
				8F8EDF1C1F82E1CA00336BC2 /* MyParticle.sks in Resources */,
				8FA132061F8013DF00B6D3D8 /* LaunchScreen.storyboard in Resources */,
				8F8EDF1D1F82E1CA00336BC2 /* Assets.xcassets in Resources */,
				8FA131FA1F8013DF00B6D3D8 /* Actions.sks in Resources */,
			);
			runOnlyForDeploymentPostprocessing = 0;
		};
/* End PBXResourcesBuildPhase section */

/* Begin PBXSourcesBuildPhase section */
		8FA131EE1F8013DF00B6D3D8 /* Sources */ = {
			isa = PBXSourcesBuildPhase;
			buildActionMask = 2147483647;
			files = (
				8FA131FC1F8013DF00B6D3D8 /* GameScene.swift in Sources */,
				8FA131FE1F8013DF00B6D3D8 /* GameViewController.swift in Sources */,
				8F525D8B1F87272500C2CD4F /* Postgame.swift in Sources */,
				8F2EA0891F86C507009AC742 /* Menu.swift in Sources */,
				8FA131F61F8013DF00B6D3D8 /* AppDelegate.swift in Sources */,
			);
			runOnlyForDeploymentPostprocessing = 0;
		};
/* End PBXSourcesBuildPhase section */

/* Begin PBXVariantGroup section */
		8FA131FF1F8013DF00B6D3D8 /* Main.storyboard */ = {
			isa = PBXVariantGroup;
			children = (
				8FA132001F8013DF00B6D3D8 /* Base */,
			);
			name = Main.storyboard;
			sourceTree = "<group>";
		};
		8FA132041F8013DF00B6D3D8 /* LaunchScreen.storyboard */ = {
			isa = PBXVariantGroup;
			children = (
				8FA132051F8013DF00B6D3D8 /* Base */,
			);
			name = LaunchScreen.storyboard;
			sourceTree = "<group>";
		};
/* End PBXVariantGroup section */

/* Begin XCBuildConfiguration section */
		8FA132081F8013DF00B6D3D8 /* Debug */ = {
			isa = XCBuildConfiguration;
			buildSettings = {
				ALWAYS_SEARCH_USER_PATHS = YES;
				CLANG_ANALYZER_NONNULL = YES;
				CLANG_ANALYZER_NUMBER_OBJECT_CONVERSION = YES_AGGRESSIVE;
				CLANG_CXX_LANGUAGE_STANDARD = "gnu++14";
				CLANG_CXX_LIBRARY = "libc++";
				CLANG_ENABLE_MODULES = YES;
				CLANG_ENABLE_OBJC_ARC = YES;
				CLANG_WARN_BLOCK_CAPTURE_AUTORELEASING = YES;
				CLANG_WARN_BOOL_CONVERSION = YES;
				CLANG_WARN_COMMA = YES;
				CLANG_WARN_CONSTANT_CONVERSION = YES;
				CLANG_WARN_DIRECT_OBJC_ISA_USAGE = YES_ERROR;
				CLANG_WARN_DOCUMENTATION_COMMENTS = YES;
				CLANG_WARN_EMPTY_BODY = YES;
				CLANG_WARN_ENUM_CONVERSION = YES;
				CLANG_WARN_INFINITE_RECURSION = YES;
				CLANG_WARN_INT_CONVERSION = YES;
				CLANG_WARN_NON_LITERAL_NULL_CONVERSION = YES;
				CLANG_WARN_OBJC_LITERAL_CONVERSION = YES;
				CLANG_WARN_OBJC_ROOT_CLASS = YES_ERROR;
				CLANG_WARN_RANGE_LOOP_ANALYSIS = YES;
				CLANG_WARN_STRICT_PROTOTYPES = YES;
				CLANG_WARN_SUSPICIOUS_MOVE = YES;
				CLANG_WARN_UNGUARDED_AVAILABILITY = YES_AGGRESSIVE;
				CLANG_WARN_UNREACHABLE_CODE = YES;
				CLANG_WARN__DUPLICATE_METHOD_MATCH = YES;
				CODE_SIGN_IDENTITY = "iPhone Developer";
				COPY_PHASE_STRIP = NO;
				DEBUG_INFORMATION_FORMAT = dwarf;
				ENABLE_BITCODE = YES;
				ENABLE_STRICT_OBJC_MSGSEND = YES;
				ENABLE_TESTABILITY = YES;
				FRAMEWORK_SEARCH_PATHS = "$(inherited)";
				GCC_C_LANGUAGE_STANDARD = gnu11;
				GCC_DYNAMIC_NO_PIC = NO;
				GCC_NO_COMMON_BLOCKS = YES;
				GCC_OPTIMIZATION_LEVEL = 0;
				GCC_PREPROCESSOR_DEFINITIONS = (
					"DEBUG=1",
					"$(inherited)",
				);
				GCC_WARN_64_TO_32_BIT_CONVERSION = YES;
				GCC_WARN_ABOUT_RETURN_TYPE = YES_ERROR;
				GCC_WARN_UNDECLARED_SELECTOR = YES;
				GCC_WARN_UNINITIALIZED_AUTOS = YES_AGGRESSIVE;
				GCC_WARN_UNUSED_FUNCTION = YES;
				GCC_WARN_UNUSED_VARIABLE = YES;
				IPHONEOS_DEPLOYMENT_TARGET = 11.0;
				MTL_ENABLE_DEBUG_INFO = YES;
				ONLY_ACTIVE_ARCH = YES;
				SDKROOT = iphoneos;
				SWIFT_ACTIVE_COMPILATION_CONDITIONS = DEBUG;
				SWIFT_OPTIMIZATION_LEVEL = "-Onone";
			};
			name = Debug;
		};
		8FA132091F8013DF00B6D3D8 /* Release */ = {
			isa = XCBuildConfiguration;
			buildSettings = {
				ALWAYS_SEARCH_USER_PATHS = YES;
				CLANG_ANALYZER_NONNULL = YES;
				CLANG_ANALYZER_NUMBER_OBJECT_CONVERSION = YES_AGGRESSIVE;
				CLANG_CXX_LANGUAGE_STANDARD = "gnu++14";
				CLANG_CXX_LIBRARY = "libc++";
				CLANG_ENABLE_MODULES = YES;
				CLANG_ENABLE_OBJC_ARC = YES;
				CLANG_WARN_BLOCK_CAPTURE_AUTORELEASING = YES;
				CLANG_WARN_BOOL_CONVERSION = YES;
				CLANG_WARN_COMMA = YES;
				CLANG_WARN_CONSTANT_CONVERSION = YES;
				CLANG_WARN_DIRECT_OBJC_ISA_USAGE = YES_ERROR;
				CLANG_WARN_DOCUMENTATION_COMMENTS = YES;
				CLANG_WARN_EMPTY_BODY = YES;
				CLANG_WARN_ENUM_CONVERSION = YES;
				CLANG_WARN_INFINITE_RECURSION = YES;
				CLANG_WARN_INT_CONVERSION = YES;
				CLANG_WARN_NON_LITERAL_NULL_CONVERSION = YES;
				CLANG_WARN_OBJC_LITERAL_CONVERSION = YES;
				CLANG_WARN_OBJC_ROOT_CLASS = YES_ERROR;
				CLANG_WARN_RANGE_LOOP_ANALYSIS = YES;
				CLANG_WARN_STRICT_PROTOTYPES = YES;
				CLANG_WARN_SUSPICIOUS_MOVE = YES;
				CLANG_WARN_UNGUARDED_AVAILABILITY = YES_AGGRESSIVE;
				CLANG_WARN_UNREACHABLE_CODE = YES;
				CLANG_WARN__DUPLICATE_METHOD_MATCH = YES;
				CODE_SIGN_IDENTITY = "iPhone Developer";
				COPY_PHASE_STRIP = NO;
				DEBUG_INFORMATION_FORMAT = "dwarf-with-dsym";
				ENABLE_BITCODE = YES;
				ENABLE_NS_ASSERTIONS = NO;
				ENABLE_STRICT_OBJC_MSGSEND = YES;
				FRAMEWORK_SEARCH_PATHS = "$(inherited)";
				GCC_C_LANGUAGE_STANDARD = gnu11;
				GCC_NO_COMMON_BLOCKS = YES;
				GCC_WARN_64_TO_32_BIT_CONVERSION = YES;
				GCC_WARN_ABOUT_RETURN_TYPE = YES_ERROR;
				GCC_WARN_UNDECLARED_SELECTOR = YES;
				GCC_WARN_UNINITIALIZED_AUTOS = YES_AGGRESSIVE;
				GCC_WARN_UNUSED_FUNCTION = YES;
				GCC_WARN_UNUSED_VARIABLE = YES;
				IPHONEOS_DEPLOYMENT_TARGET = 11.0;
				MTL_ENABLE_DEBUG_INFO = NO;
				SDKROOT = iphoneos;
				SWIFT_OPTIMIZATION_LEVEL = "-Owholemodule";
				VALIDATE_PRODUCT = YES;
			};
			name = Release;
		};
		8FA1320B1F8013DF00B6D3D8 /* Debug */ = {
			isa = XCBuildConfiguration;
			buildSettings = {
				ASSETCATALOG_COMPILER_APPICON_NAME = AppIcon;
				CODE_SIGN_STYLE = Automatic;
				DEVELOPMENT_TEAM = CYF2GV4SQ2;
				ENABLE_BITCODE = NO;
				FRAMEWORK_SEARCH_PATHS = "$(PROJECT_DIR)/Framework";
				INFOPLIST_FILE = "BubbleBurst iOS/Info.plist";
				IPHONEOS_DEPLOYMENT_TARGET = 10.0;
				LD_RUNPATH_SEARCH_PATHS = "$(inherited) @executable_path/Frameworks";
				PRODUCT_BUNDLE_IDENTIFIER = "Mufeez-Amjad.BubbleBurst-iOS";
				PRODUCT_NAME = "$(TARGET_NAME)";
				SWIFT_VERSION = 4.0;
				TARGETED_DEVICE_FAMILY = "1,2";
			};
			name = Debug;
		};
		8FA1320C1F8013DF00B6D3D8 /* Release */ = {
			isa = XCBuildConfiguration;
			buildSettings = {
				ASSETCATALOG_COMPILER_APPICON_NAME = AppIcon;
				CODE_SIGN_STYLE = Automatic;
				DEVELOPMENT_TEAM = CYF2GV4SQ2;
				ENABLE_BITCODE = NO;
				FRAMEWORK_SEARCH_PATHS = "$(PROJECT_DIR)/Framework";
				INFOPLIST_FILE = "BubbleBurst iOS/Info.plist";
				IPHONEOS_DEPLOYMENT_TARGET = 10.0;
				LD_RUNPATH_SEARCH_PATHS = "$(inherited) @executable_path/Frameworks";
				PRODUCT_BUNDLE_IDENTIFIER = "Mufeez-Amjad.BubbleBurst-iOS";
				PRODUCT_NAME = "$(TARGET_NAME)";
				SWIFT_VERSION = 4.0;
				TARGETED_DEVICE_FAMILY = "1,2";
			};
			name = Release;
		};
/* End XCBuildConfiguration section */

/* Begin XCConfigurationList section */
		8FA131ED1F8013DF00B6D3D8 /* Build configuration list for PBXProject "BubbleBurst iOS" */ = {
			isa = XCConfigurationList;
			buildConfigurations = (
				8FA132081F8013DF00B6D3D8 /* Debug */,
				8FA132091F8013DF00B6D3D8 /* Release */,
			);
			defaultConfigurationIsVisible = 0;
			defaultConfigurationName = Release;
		};
		8FA1320A1F8013DF00B6D3D8 /* Build configuration list for PBXNativeTarget "BubbleBurst iOS" */ = {
			isa = XCConfigurationList;
			buildConfigurations = (
				8FA1320B1F8013DF00B6D3D8 /* Debug */,
				8FA1320C1F8013DF00B6D3D8 /* Release */,
			);
			defaultConfigurationIsVisible = 0;
			defaultConfigurationName = Release;
		};
/* End XCConfigurationList section */
	};
	rootObject = 8FA131EA1F8013DF00B6D3D8 /* Project object */;
}
